# THIS IS AN AUTOGENERATED FILE. DO NOT EDIT THIS FILE DIRECTLY.
# yarn lockfile v1


wavesurfer.js@^7.7.4:
  version "7.7.4"
  resolved "https://registry.yarnpkg.com/wavesurfer.js/-/wavesurfer.js-7.7.4.tgz#1d7d9054a6bf56dcb3b39a2921f67e231c456ec4"
  integrity sha512-MXQtql/5BMmBpQmiwoVCTYTlfRAn2cuiioxCjWwgAUX/T0t5mQZfmL4IYeCXSfr7sn2DtseRpLh1YFc63bM01Q==
